// !$*UTF8*$!
{
	archiveVersion = 1;
	classes = {
	};
	objectVersion = 46;
	objects = {

/* Begin PBXBuildFile section */
		F60E5A6F19987236005DF7B9 /* Settings.bundle in Resources */ = {isa = PBXBuildFile; fileRef = F60E5A6E19987236005DF7B9 /* Settings.bundle */; };
		F6640C67198A633B00E06C3D /* Foundation.framework in Frameworks */ = {isa = PBXBuildFile; fileRef = F6640C66198A633B00E06C3D /* Foundation.framework */; };
		F6640C69198A633B00E06C3D /* CoreGraphics.framework in Frameworks */ = {isa = PBXBuildFile; fileRef = F6640C68198A633B00E06C3D /* CoreGraphics.framework */; };
		F6640C6B198A633B00E06C3D /* UIKit.framework in Frameworks */ = {isa = PBXBuildFile; fileRef = F6640C6A198A633B00E06C3D /* UIKit.framework */; };
		F6640C71198A633B00E06C3D /* InfoPlist.strings in Resources */ = {isa = PBXBuildFile; fileRef = F6640C6F198A633B00E06C3D /* InfoPlist.strings */; };
		F6640C73198A633B00E06C3D /* main.m in Sources */ = {isa = PBXBuildFile; fileRef = F6640C72198A633B00E06C3D /* main.m */; };
		F6640C77198A633B00E06C3D /* TDSAppDelegate.m in Sources */ = {isa = PBXBuildFile; fileRef = F6640C76198A633B00E06C3D /* TDSAppDelegate.m */; };
		F6640C7D198A633B00E06C3D /* TDSViewController.m in Sources */ = {isa = PBXBuildFile; fileRef = F6640C7C198A633B00E06C3D /* TDSViewController.m */; };
		F6640C7F198A633B00E06C3D /* Images.xcassets in Resources */ = {isa = PBXBuildFile; fileRef = F6640C7E198A633B00E06C3D /* Images.xcassets */; };
		F6640C86198A633B00E06C3D /* XCTest.framework in Frameworks */ = {isa = PBXBuildFile; fileRef = F6640C85198A633B00E06C3D /* XCTest.framework */; };
		F6640C87198A633B00E06C3D /* Foundation.framework in Frameworks */ = {isa = PBXBuildFile; fileRef = F6640C66198A633B00E06C3D /* Foundation.framework */; };
		F6640C88198A633B00E06C3D /* UIKit.framework in Frameworks */ = {isa = PBXBuildFile; fileRef = F6640C6A198A633B00E06C3D /* UIKit.framework */; };
		F6640C90198A633B00E06C3D /* InfoPlist.strings in Resources */ = {isa = PBXBuildFile; fileRef = F6640C8E198A633B00E06C3D /* InfoPlist.strings */; };
		F6640C92198A633B00E06C3D /* NSUserSampleTests.m in Sources */ = {isa = PBXBuildFile; fileRef = F6640C91198A633B00E06C3D /* NSUserSampleTests.m */; };
		F6640C9C198A637D00E06C3D /* TDSViewController.xib in Resources */ = {isa = PBXBuildFile; fileRef = F6640C9B198A637D00E06C3D /* TDSViewController.xib */; };
/* End PBXBuildFile section */

/* Begin PBXContainerItemProxy section */
		F6640C89198A633B00E06C3D /* PBXContainerItemProxy */ = {
			isa = PBXContainerItemProxy;
			containerPortal = F6640C5B198A633B00E06C3D /* Project object */;
			proxyType = 1;
			remoteGlobalIDString = F6640C62198A633B00E06C3D;
			remoteInfo = NSUserSample;
		};
/* End PBXContainerItemProxy section */

/* Begin PBXFileReference section */
		F60E5A6E19987236005DF7B9 /* Settings.bundle */ = {isa = PBXFileReference; lastKnownFileType = "wrapper.plug-in"; path = Settings.bundle; sourceTree = "<group>"; };
		F6640C63198A633B00E06C3D /* NSUserSample.app */ = {isa = PBXFileReference; explicitFileType = wrapper.application; includeInIndex = 0; path = NSUserSample.app; sourceTree = BUILT_PRODUCTS_DIR; };
		F6640C66198A633B00E06C3D /* Foundation.framework */ = {isa = PBXFileReference; lastKnownFileType = wrapper.framework; name = Foundation.framework; path = System/Library/Frameworks/Foundation.framework; sourceTree = SDKROOT; };
		F6640C68198A633B00E06C3D /* CoreGraphics.framework */ = {isa = PBXFileReference; lastKnownFileType = wrapper.framework; name = CoreGraphics.framework; path = System/Library/Frameworks/CoreGraphics.framework; sourceTree = SDKROOT; };
		F6640C6A198A633B00E06C3D /* UIKit.framework */ = {isa = PBXFileReference; lastKnownFileType = wrapper.framework; name = UIKit.framework; path = System/Library/Frameworks/UIKit.framework; sourceTree = SDKROOT; };
		F6640C6E198A633B00E06C3D /* NSUserSample-Info.plist */ = {isa = PBXFileReference; lastKnownFileType = text.plist.xml; path = "NSUserSample-Info.plist"; sourceTree = "<group>"; };
		F6640C70198A633B00E06C3D /* en */ = {isa = PBXFileReference; lastKnownFileType = text.plist.strings; name = en; path = en.lproj/InfoPlist.strings; sourceTree = "<group>"; };
		F6640C72198A633B00E06C3D /* main.m */ = {isa = PBXFileReference; lastKnownFileType = sourcecode.c.objc; path = main.m; sourceTree = "<group>"; };
		F6640C74198A633B00E06C3D /* NSUserSample-Prefix.pch */ = {isa = PBXFileReference; lastKnownFileType = sourcecode.c.h; path = "NSUserSample-Prefix.pch"; sourceTree = "<group>"; };
		F6640C75198A633B00E06C3D /* TDSAppDelegate.h */ = {isa = PBXFileReference; lastKnownFileType = sourcecode.c.h; path = TDSAppDelegate.h; sourceTree = "<group>"; };
		F6640C76198A633B00E06C3D /* TDSAppDelegate.m */ = {isa = PBXFileReference; lastKnownFileType = sourcecode.c.objc; path = TDSAppDelegate.m; sourceTree = "<group>"; };
		F6640C7B198A633B00E06C3D /* TDSViewController.h */ = {isa = PBXFileReference; lastKnownFileType = sourcecode.c.h; path = TDSViewController.h; sourceTree = "<group>"; };
		F6640C7C198A633B00E06C3D /* TDSViewController.m */ = {isa = PBXFileReference; lastKnownFileType = sourcecode.c.objc; path = TDSViewController.m; sourceTree = "<group>"; };
		F6640C7E198A633B00E06C3D /* Images.xcassets */ = {isa = PBXFileReference; lastKnownFileType = folder.assetcatalog; path = Images.xcassets; sourceTree = "<group>"; };
		F6640C84198A633B00E06C3D /* NSUserSampleTests.xctest */ = {isa = PBXFileReference; explicitFileType = wrapper.cfbundle; includeInIndex = 0; path = NSUserSampleTests.xctest; sourceTree = BUILT_PRODUCTS_DIR; };
		F6640C85198A633B00E06C3D /* XCTest.framework */ = {isa = PBXFileReference; lastKnownFileType = wrapper.framework; name = XCTest.framework; path = Library/Frameworks/XCTest.framework; sourceTree = DEVELOPER_DIR; };
		F6640C8D198A633B00E06C3D /* NSUserSampleTests-Info.plist */ = {isa = PBXFileReference; lastKnownFileType = text.plist.xml; path = "NSUserSampleTests-Info.plist"; sourceTree = "<group>"; };
		F6640C8F198A633B00E06C3D /* en */ = {isa = PBXFileReference; lastKnownFileType = text.plist.strings; name = en; path = en.lproj/InfoPlist.strings; sourceTree = "<group>"; };
		F6640C91198A633B00E06C3D /* NSUserSampleTests.m */ = {isa = PBXFileReference; lastKnownFileType = sourcecode.c.objc; path = NSUserSampleTests.m; sourceTree = "<group>"; };
		F6640C9B198A637D00E06C3D /* TDSViewController.xib */ = {isa = PBXFileReference; fileEncoding = 4; lastKnownFileType = file.xib; path = TDSViewController.xib; sourceTree = "<group>"; };
/* End PBXFileReference section */

/* Begin PBXFrameworksBuildPhase section */
		F6640C60198A633B00E06C3D /* Frameworks */ = {
			isa = PBXFrameworksBuildPhase;
			buildActionMask = 2147483647;
			files = (
				F6640C69198A633B00E06C3D /* CoreGraphics.framework in Frameworks */,
				F6640C6B198A633B00E06C3D /* UIKit.framework in Frameworks */,
				F6640C67198A633B00E06C3D /* Foundation.framework in Frameworks */,
			);
			runOnlyForDeploymentPostprocessing = 0;
		};
		F6640C81198A633B00E06C3D /* Frameworks */ = {
			isa = PBXFrameworksBuildPhase;
			buildActionMask = 2147483647;
			files = (
				F6640C86198A633B00E06C3D /* XCTest.framework in Frameworks */,
				F6640C88198A633B00E06C3D /* UIKit.framework in Frameworks */,
				F6640C87198A633B00E06C3D /* Foundation.framework in Frameworks */,
			);
			runOnlyForDeploymentPostprocessing = 0;
		};
/* End PBXFrameworksBuildPhase section */

/* Begin PBXGroup section */
		F6640C5A198A633B00E06C3D = {
			isa = PBXGroup;
			children = (
				F6640C6C198A633B00E06C3D /* NSUserSample */,
				F6640C8B198A633B00E06C3D /* NSUserSampleTests */,
				F6640C65198A633B00E06C3D /* Frameworks */,
				F6640C64198A633B00E06C3D /* Products */,
			);
			sourceTree = "<group>";
		};
		F6640C64198A633B00E06C3D /* Products */ = {
			isa = PBXGroup;
			children = (
				F6640C63198A633B00E06C3D /* NSUserSample.app */,
				F6640C84198A633B00E06C3D /* NSUserSampleTests.xctest */,
			);
			name = Products;
			sourceTree = "<group>";
		};
		F6640C65198A633B00E06C3D /* Frameworks */ = {
			isa = PBXGroup;
			children = (
				F6640C66198A633B00E06C3D /* Foundation.framework */,
				F6640C68198A633B00E06C3D /* CoreGraphics.framework */,
				F6640C6A198A633B00E06C3D /* UIKit.framework */,
				F6640C85198A633B00E06C3D /* XCTest.framework */,
			);
			name = Frameworks;
			sourceTree = "<group>";
		};
		F6640C6C198A633B00E06C3D /* NSUserSample */ = {
			isa = PBXGroup;
			children = (
				F6640C75198A633B00E06C3D /* TDSAppDelegate.h */,
				F6640C76198A633B00E06C3D /* TDSAppDelegate.m */,
				F6640C7B198A633B00E06C3D /* TDSViewController.h */,
				F6640C7C198A633B00E06C3D /* TDSViewController.m */,
				F6640C7E198A633B00E06C3D /* Images.xcassets */,
				F6640C6D198A633B00E06C3D /* Supporting Files */,
				F6640C9B198A637D00E06C3D /* TDSViewController.xib */,
			);
			path = NSUserSample;
			sourceTree = "<group>";
		};
		F6640C6D198A633B00E06C3D /* Supporting Files */ = {
			isa = PBXGroup;
			children = (
				F6640C6E198A633B00E06C3D /* NSUserSample-Info.plist */,
				F6640C6F198A633B00E06C3D /* InfoPlist.strings */,
				F6640C72198A633B00E06C3D /* main.m */,
				F6640C74198A633B00E06C3D /* NSUserSample-Prefix.pch */,
				F60E5A6E19987236005DF7B9 /* Settings.bundle */,
			);
			name = "Supporting Files";
			sourceTree = "<group>";
		};
		F6640C8B198A633B00E06C3D /* NSUserSampleTests */ = {
			isa = PBXGroup;
			children = (
				F6640C91198A633B00E06C3D /* NSUserSampleTests.m */,
				F6640C8C198A633B00E06C3D /* Supporting Files */,
			);
			path = NSUserSampleTests;
			sourceTree = "<group>";
		};
		F6640C8C198A633B00E06C3D /* Supporting Files */ = {
			isa = PBXGroup;
			children = (
				F6640C8D198A633B00E06C3D /* NSUserSampleTests-Info.plist */,
				F6640C8E198A633B00E06C3D /* InfoPlist.strings */,
			);
			name = "Supporting Files";
			sourceTree = "<group>";
		};
/* End PBXGroup section */

/* Begin PBXNativeTarget section */
		F6640C62198A633B00E06C3D /* NSUserSample */ = {
			isa = PBXNativeTarget;
			buildConfigurationList = F6640C95198A633B00E06C3D /* Build configuration list for PBXNativeTarget "NSUserSample" */;
			buildPhases = (
				F6640C5F198A633B00E06C3D /* Sources */,
				F6640C60198A633B00E06C3D /* Frameworks */,
				F6640C61198A633B00E06C3D /* Resources */,
			);
			buildRules = (
			);
			dependencies = (
			);
			name = NSUserSample;
			productName = NSUserSample;
			productReference = F6640C63198A633B00E06C3D /* NSUserSample.app */;
			productType = "com.apple.product-type.application";
		};
		F6640C83198A633B00E06C3D /* NSUserSampleTests */ = {
			isa = PBXNativeTarget;
			buildConfigurationList = F6640C98198A633B00E06C3D /* Build configuration list for PBXNativeTarget "NSUserSampleTests" */;
			buildPhases = (
				F6640C80198A633B00E06C3D /* Sources */,
				F6640C81198A633B00E06C3D /* Frameworks */,
				F6640C82198A633B00E06C3D /* Resources */,
			);
			buildRules = (
			);
			dependencies = (
				F6640C8A198A633B00E06C3D /* PBXTargetDependency */,
			);
			name = NSUserSampleTests;
			productName = NSUserSampleTests;
			productReference = F6640C84198A633B00E06C3D /* NSUserSampleTests.xctest */;
			productType = "com.apple.product-type.bundle.unit-test";
		};
/* End PBXNativeTarget section */

/* Begin PBXProject section */
		F6640C5B198A633B00E06C3D /* Project object */ = {
			isa = PBXProject;
			attributes = {
				CLASSPREFIX = TDS;
				LastUpgradeCheck = 0510;
				ORGANIZATIONNAME = kentaro.terada;
				TargetAttributes = {
					F6640C83198A633B00E06C3D = {
						TestTargetID = F6640C62198A633B00E06C3D;
					};
				};
			};
			buildConfigurationList = F6640C5E198A633B00E06C3D /* Build configuration list for PBXProject "NSUserSample" */;
			compatibilityVersion = "Xcode 3.2";
			developmentRegion = English;
			hasScannedForEncodings = 0;
			knownRegions = (
				en,
				Base,
			);
			mainGroup = F6640C5A198A633B00E06C3D;
			productRefGroup = F6640C64198A633B00E06C3D /* Products */;
			projectDirPath = "";
			projectRoot = "";
			targets = (
				F6640C62198A633B00E06C3D /* NSUserSample */,
				F6640C83198A633B00E06C3D /* NSUserSampleTests */,
			);
		};
/* End PBXProject section */

/* Begin PBXResourcesBuildPhase section */
		F6640C61198A633B00E06C3D /* Resources */ = {
			isa = PBXResourcesBuildPhase;
			buildActionMask = 2147483647;
			files = (
				F6640C7F198A633B00E06C3D /* Images.xcassets in Resources */,
				F6640C9C198A637D00E06C3D /* TDSViewController.xib in Resources */,
				F60E5A6F19987236005DF7B9 /* Settings.bundle in Resources */,
				F6640C71198A633B00E06C3D /* InfoPlist.strings in Resources */,
			);
			runOnlyForDeploymentPostprocessing = 0;
		};
		F6640C82198A633B00E06C3D /* Resources */ = {
			isa = PBXResourcesBuildPhase;
			buildActionMask = 2147483647;
			files = (
				F6640C90198A633B00E06C3D /* InfoPlist.strings in Resources */,
			);
			runOnlyForDeploymentPostprocessing = 0;
		};
/* End PBXResourcesBuildPhase section */

/* Begin PBXSourcesBuildPhase section */
		F6640C5F198A633B00E06C3D /* Sources */ = {
			isa = PBXSourcesBuildPhase;
			buildActionMask = 2147483647;
			files = (
				F6640C77198A633B00E06C3D /* TDSAppDelegate.m in Sources */,
				F6640C7D198A633B00E06C3D /* TDSViewController.m in Sources */,
				F6640C73198A633B00E06C3D /* main.m in Sources */,
			);
			runOnlyForDeploymentPostprocessing = 0;
		};
		F6640C80198A633B00E06C3D /* Sources */ = {
			isa = PBXSourcesBuildPhase;
			buildActionMask = 2147483647;
			files = (
				F6640C92198A633B00E06C3D /* NSUserSampleTests.m in Sources */,
			);
			runOnlyForDeploymentPostprocessing = 0;
		};
/* End PBXSourcesBuildPhase section */

/* Begin PBXTargetDependency section */
		F6640C8A198A633B00E06C3D /* PBXTargetDependency */ = {
			isa = PBXTargetDependency;
			target = F6640C62198A633B00E06C3D /* NSUserSample */;
			targetProxy = F6640C89198A633B00E06C3D /* PBXContainerItemProxy */;
		};
/* End PBXTargetDependency section */

/* Begin PBXVariantGroup section */
		F6640C6F198A633B00E06C3D /* InfoPlist.strings */ = {
			isa = PBXVariantGroup;
			children = (
				F6640C70198A633B00E06C3D /* en */,
			);
			name = InfoPlist.strings;
			sourceTree = "<group>";
		};
		F6640C8E198A633B00E06C3D /* InfoPlist.strings */ = {
			isa = PBXVariantGroup;
			children = (
				F6640C8F198A633B00E06C3D /* en */,
			);
			name = InfoPlist.strings;
			sourceTree = "<group>";
		};
/* End PBXVariantGroup section */

/* Begin XCBuildConfiguration section */
		F6640C93198A633B00E06C3D /* Debug */ = {
			isa = XCBuildConfiguration;
			buildSettings = {
				ALWAYS_SEARCH_USER_PATHS = NO;
				CLANG_CXX_LANGUAGE_STANDARD = "gnu++0x";
				CLANG_CXX_LIBRARY = "libc++";
				CLANG_ENABLE_MODULES = YES;
				CLANG_ENABLE_OBJC_ARC = YES;
				CLANG_WARN_BOOL_CONVERSION = YES;
				CLANG_WARN_CONSTANT_CONVERSION = YES;
				CLANG_WARN_DIRECT_OBJC_ISA_USAGE = YES_ERROR;
				CLANG_WARN_EMPTY_BODY = YES;
				CLANG_WARN_ENUM_CONVERSION = YES;
				CLANG_WARN_INT_CONVERSION = YES;
				CLANG_WARN_OBJC_ROOT_CLASS = YES_ERROR;
				CLANG_WARN__DUPLICATE_METHOD_MATCH = YES;
				"CODE_SIGN_IDENTITY[sdk=iphoneos*]" = "iPhone Developer";
				COPY_PHASE_STRIP = NO;
				GCC_C_LANGUAGE_STANDARD = gnu99;
				GCC_DYNAMIC_NO_PIC = NO;
				GCC_OPTIMIZATION_LEVEL = 0;
				GCC_PREPROCESSOR_DEFINITIONS = (
					"DEBUG=1",
					"$(inherited)",
				);
				GCC_SYMBOLS_PRIVATE_EXTERN = NO;
				GCC_WARN_64_TO_32_BIT_CONVERSION = YES;
				GCC_WARN_ABOUT_RETURN_TYPE = YES_ERROR;
				GCC_WARN_UNDECLARED_SELECTOR = YES;
				GCC_WARN_UNINITIALIZED_AUTOS = YES_AGGRESSIVE;
				GCC_WARN_UNUSED_FUNCTION = YES;
				GCC_WARN_UNUSED_VARIABLE = YES;
				IPHONEOS_DEPLOYMENT_TARGET = 7.1;
				ONLY_ACTIVE_ARCH = YES;
				SDKROOT = iphoneos;
			};
			name = Debug;
		};
		F6640C94198A633B00E06C3D /* Release */ = {
			isa = XCBuildConfiguration;
			buildSettings = {
				ALWAYS_SEARCH_USER_PATHS = NO;
				CLANG_CXX_LANGUAGE_STANDARD = "gnu++0x";
				CLANG_CXX_LIBRARY = "libc++";
				CLANG_ENABLE_MODULES = YES;
				CLANG_ENABLE_OBJC_ARC = YES;
				CLANG_WARN_BOOL_CONVERSION = YES;
				CLANG_WARN_CONSTANT_CONVERSION = YES;
				CLANG_WARN_DIRECT_OBJC_ISA_USAGE = YES_ERROR;
				CLANG_WARN_EMPTY_BODY = YES;
				CLANG_WARN_ENUM_CONVERSION = YES;
				CLANG_WARN_INT_CONVERSION = YES;
				CLANG_WARN_OBJC_ROOT_CLASS = YES_ERROR;
				CLANG_WARN__DUPLICATE_METHOD_MATCH = YES;
				"CODE_SIGN_IDENTITY[sdk=iphoneos*]" = "iPhone Developer";
				COPY_PHASE_STRIP = YES;
				ENABLE_NS_ASSERTIONS = NO;
				GCC_C_LANGUAGE_STANDARD = gnu99;
				GCC_WARN_64_TO_32_BIT_CONVERSION = YES;
				GCC_WARN_ABOUT_RETURN_TYPE = YES_ERROR;
				GCC_WARN_UNDECLARED_SELECTOR = YES;
				GCC_WARN_UNINITIALIZED_AUTOS = YES_AGGRESSIVE;
				GCC_WARN_UNUSED_FUNCTION = YES;
				GCC_WARN_UNUSED_VARIABLE = YES;
				IPHONEOS_DEPLOYMENT_TARGET = 7.1;
				SDKROOT = iphoneos;
				VALIDATE_PRODUCT = YES;
			};
			name = Release;
		};
		F6640C96198A633B00E06C3D /* Debug */ = {
			isa = XCBuildConfiguration;
			buildSettings = {
				ASSETCATALOG_COMPILER_APPICON_NAME = AppIcon;
				ASSETCATALOG_COMPILER_LAUNCHIMAGE_NAME = LaunchImage;
				CODE_SIGN_IDENTITY = "iPhone Developer";
				GCC_PRECOMPILE_PREFIX_HEADER = YES;
				GCC_PREFIX_HEADER = "NSUserSample/NSUserSample-Prefix.pch";
				INFOPLIST_FILE = "NSUserSample/NSUserSample-Info.plist";
				PRODUCT_NAME = "$(TARGET_NAME)";
				WRAPPER_EXTENSION = app;
			};
			name = Debug;
		};
		F6640C97198A633B00E06C3D /* Release */ = {
			isa = XCBuildConfiguration;
			buildSettings = {
				ASSETCATALOG_COMPILER_APPICON_NAME = AppIcon;
				ASSETCATALOG_COMPILER_LAUNCHIMAGE_NAME = LaunchImage;
				CODE_SIGN_IDENTITY = "iPhone Developer";
				GCC_PRECOMPILE_PREFIX_HEADER = YES;
				GCC_PREFIX_HEADER = "NSUserSample/NSUserSample-Prefix.pch";
				INFOPLIST_FILE = "NSUserSample/NSUserSample-Info.plist";
				PRODUCT_NAME = "$(TARGET_NAME)";
				WRAPPER_EXTENSION = app;
			};
			name = Release;
		};
		F6640C99198A633B00E06C3D /* Debug */ = {
			isa = XCBuildConfiguration;
			buildSettings = {
				BUNDLE_LOADER = "$(BUILT_PRODUCTS_DIR)/NSUserSample.app/NSUserSample";
				FRAMEWORK_SEARCH_PATHS = (
					"$(SDKROOT)/Developer/Library/Frameworks",
					"$(inherited)",
					"$(DEVELOPER_FRAMEWORKS_DIR)",
				);
				GCC_PRECOMPILE_PREFIX_HEADER = YES;
				GCC_PREFIX_HEADER = "NSUserSample/NSUserSample-Prefix.pch";
				GCC_PREPROCESSOR_DEFINITIONS = (
					"DEBUG=1",
					"$(inherited)",
				);
				INFOPLIST_FILE = "NSUserSampleTests/NSUserSampleTests-Info.plist";
				PRODUCT_NAME = "$(TARGET_NAME)";
				TEST_HOST = "$(BUNDLE_LOADER)";
				WRAPPER_EXTENSION = xctest;
			};
			name = Debug;
		};
		F6640C9A198A633B00E06C3D /* Release */ = {
			isa = XCBuildConfiguration;
			buildSettings = {
				BUNDLE_LOADER = "$(BUILT_PRODUCTS_DIR)/NSUserSample.app/NSUserSample";
				FRAMEWORK_SEARCH_PATHS = (
					"$(SDKROOT)/Developer/Library/Frameworks",
					"$(inherited)",
					"$(DEVELOPER_FRAMEWORKS_DIR)",
				);
				GCC_PRECOMPILE_PREFIX_HEADER = YES;
				GCC_PREFIX_HEADER = "NSUserSample/NSUserSample-Prefix.pch";
				INFOPLIST_FILE = "NSUserSampleTests/NSUserSampleTests-Info.plist";
				PRODUCT_NAME = "$(TARGET_NAME)";
				TEST_HOST = "$(BUNDLE_LOADER)";
				WRAPPER_EXTENSION = xctest;
			};
			name = Release;
		};
/* End XCBuildConfiguration section */

/* Begin XCConfigurationList section */
		F6640C5E198A633B00E06C3D /* Build configuration list for PBXProject "NSUserSample" */ = {
			isa = XCConfigurationList;
			buildConfigurations = (
				F6640C93198A633B00E06C3D /* Debug */,
				F6640C94198A633B00E06C3D /* Release */,
			);
			defaultConfigurationIsVisible = 0;
			defaultConfigurationName = Release;
		};
		F6640C95198A633B00E06C3D /* Build configuration list for PBXNativeTarget "NSUserSample" */ = {
			isa = XCConfigurationList;
			buildConfigurations = (
				F6640C96198A633B00E06C3D /* Debug */,
				F6640C97198A633B00E06C3D /* Release */,
			);
			defaultConfigurationIsVisible = 0;
			defaultConfigurationName = Release;
		};
		F6640C98198A633B00E06C3D /* Build configuration list for PBXNativeTarget "NSUserSampleTests" */ = {
			isa = XCConfigurationList;
			buildConfigurations = (
				F6640C99198A633B00E06C3D /* Debug */,
				F6640C9A198A633B00E06C3D /* Release */,
			);
			defaultConfigurationIsVisible = 0;
			defaultConfigurationName = Release;
		};
/* End XCConfigurationList section */
	};
	rootObject = F6640C5B198A633B00E06C3D /* Project object */;
}
